// !$*UTF8*$!
{
	archiveVersion = 1;
	classes = {
	};
	objectVersion = 46;
	objects = {

/* Begin PBXBuildFile section */
		962520211984F30700427490 /* AppDelegate.swift in Sources */ = {isa = PBXBuildFile; fileRef = 962520201984F30700427490 /* AppDelegate.swift */; };
		962520231984F30700427490 /* ViewController.swift in Sources */ = {isa = PBXBuildFile; fileRef = 962520221984F30700427490 /* ViewController.swift */; };
		962520281984F30700427490 /* Images.xcassets in Resources */ = {isa = PBXBuildFile; fileRef = 962520271984F30700427490 /* Images.xcassets */; };
		962520341984F30700427490 /* AvatarAnimationDemoTests.swift in Sources */ = {isa = PBXBuildFile; fileRef = 962520331984F30700427490 /* AvatarAnimationDemoTests.swift */; };
		9625203E1984F41B00427490 /* UIColor+Extension.swift in Sources */ = {isa = PBXBuildFile; fileRef = 9625203D1984F41B00427490 /* UIColor+Extension.swift */; };
		962520401984F43800427490 /* UIView+Extension.swift in Sources */ = {isa = PBXBuildFile; fileRef = 9625203F1984F43800427490 /* UIView+Extension.swift */; };
		96252042198550DB00427490 /* Constants.swift in Sources */ = {isa = PBXBuildFile; fileRef = 96252041198550DB00427490 /* Constants.swift */; };
		96C7A034198A0C3000FCADB6 /* back_white@2x.png in Resources */ = {isa = PBXBuildFile; fileRef = 96C7A033198A0C3000FCADB6 /* back_white@2x.png */; };
		96C7A036198A0C3800FCADB6 /* cutmypic.png in Resources */ = {isa = PBXBuildFile; fileRef = 96C7A035198A0C3800FCADB6 /* cutmypic.png */; };
		96C7A038198A0C4400FCADB6 /* demo2.png in Resources */ = {isa = PBXBuildFile; fileRef = 96C7A037198A0C4400FCADB6 /* demo2.png */; };
		96C7A03A198A0C4900FCADB6 /* demo1.png in Resources */ = {isa = PBXBuildFile; fileRef = 96C7A039198A0C4900FCADB6 /* demo1.png */; };
		96C7A03C198A0E8B00FCADB6 /* PropTableViewCell.swift in Sources */ = {isa = PBXBuildFile; fileRef = 96C7A03B198A0E8B00FCADB6 /* PropTableViewCell.swift */; };
		96C7A03E198A0FE300FCADB6 /* InfoViewController.swift in Sources */ = {isa = PBXBuildFile; fileRef = 96C7A03D198A0FE300FCADB6 /* InfoViewController.swift */; };
		96C7A042198A23B000FCADB6 /* UIImage+Custom.m in Sources */ = {isa = PBXBuildFile; fileRef = 96C7A041198A23B000FCADB6 /* UIImage+Custom.m */; };
/* End PBXBuildFile section */

/* Begin PBXContainerItemProxy section */
		9625202E1984F30700427490 /* PBXContainerItemProxy */ = {
			isa = PBXContainerItemProxy;
			containerPortal = 962520131984F30700427490 /* Project object */;
			proxyType = 1;
			remoteGlobalIDString = 9625201A1984F30700427490;
			remoteInfo = AvatarAnimationDemo;
		};
/* End PBXContainerItemProxy section */

/* Begin PBXFileReference section */
		9625201B1984F30700427490 /* AvatarAnimationDemo.app */ = {isa = PBXFileReference; explicitFileType = wrapper.application; includeInIndex = 0; path = AvatarAnimationDemo.app; sourceTree = BUILT_PRODUCTS_DIR; };
		9625201F1984F30700427490 /* Info.plist */ = {isa = PBXFileReference; lastKnownFileType = text.plist.xml; path = Info.plist; sourceTree = "<group>"; };
		962520201984F30700427490 /* AppDelegate.swift */ = {isa = PBXFileReference; lastKnownFileType = sourcecode.swift; path = AppDelegate.swift; sourceTree = "<group>"; };
		962520221984F30700427490 /* ViewController.swift */ = {isa = PBXFileReference; lastKnownFileType = sourcecode.swift; path = ViewController.swift; sourceTree = "<group>"; };
		962520271984F30700427490 /* Images.xcassets */ = {isa = PBXFileReference; lastKnownFileType = folder.assetcatalog; path = Images.xcassets; sourceTree = "<group>"; };
		9625202D1984F30700427490 /* AvatarAnimationDemoTests.xctest */ = {isa = PBXFileReference; explicitFileType = wrapper.cfbundle; includeInIndex = 0; path = AvatarAnimationDemoTests.xctest; sourceTree = BUILT_PRODUCTS_DIR; };
		962520321984F30700427490 /* Info.plist */ = {isa = PBXFileReference; lastKnownFileType = text.plist.xml; path = Info.plist; sourceTree = "<group>"; };
		962520331984F30700427490 /* AvatarAnimationDemoTests.swift */ = {isa = PBXFileReference; lastKnownFileType = sourcecode.swift; path = AvatarAnimationDemoTests.swift; sourceTree = "<group>"; };
		9625203D1984F41B00427490 /* UIColor+Extension.swift */ = {isa = PBXFileReference; fileEncoding = 4; lastKnownFileType = sourcecode.swift; path = "UIColor+Extension.swift"; sourceTree = "<group>"; };
		9625203F1984F43800427490 /* UIView+Extension.swift */ = {isa = PBXFileReference; fileEncoding = 4; lastKnownFileType = sourcecode.swift; path = "UIView+Extension.swift"; sourceTree = "<group>"; };
		96252041198550DB00427490 /* Constants.swift */ = {isa = PBXFileReference; fileEncoding = 4; lastKnownFileType = sourcecode.swift; path = Constants.swift; sourceTree = "<group>"; };
		96C7A033198A0C3000FCADB6 /* back_white@2x.png */ = {isa = PBXFileReference; lastKnownFileType = image.png; path = "back_white@2x.png"; sourceTree = "<group>"; };
		96C7A035198A0C3800FCADB6 /* cutmypic.png */ = {isa = PBXFileReference; lastKnownFileType = image.png; path = cutmypic.png; sourceTree = "<group>"; };
		96C7A037198A0C4400FCADB6 /* demo2.png */ = {isa = PBXFileReference; lastKnownFileType = image.png; path = demo2.png; sourceTree = "<group>"; };
		96C7A039198A0C4900FCADB6 /* demo1.png */ = {isa = PBXFileReference; lastKnownFileType = image.png; path = demo1.png; sourceTree = "<group>"; };
		96C7A03B198A0E8B00FCADB6 /* PropTableViewCell.swift */ = {isa = PBXFileReference; fileEncoding = 4; lastKnownFileType = sourcecode.swift; path = PropTableViewCell.swift; sourceTree = "<group>"; };
		96C7A03D198A0FE300FCADB6 /* InfoViewController.swift */ = {isa = PBXFileReference; fileEncoding = 4; lastKnownFileType = sourcecode.swift; path = InfoViewController.swift; sourceTree = "<group>"; };
		96C7A03F198A23B000FCADB6 /* AvatarAnimationDemo-Bridging-Header.h */ = {isa = PBXFileReference; lastKnownFileType = sourcecode.c.h; path = "AvatarAnimationDemo-Bridging-Header.h"; sourceTree = "<group>"; };
		96C7A040198A23B000FCADB6 /* UIImage+Custom.h */ = {isa = PBXFileReference; fileEncoding = 4; lastKnownFileType = sourcecode.c.h; path = "UIImage+Custom.h"; sourceTree = "<group>"; };
		96C7A041198A23B000FCADB6 /* UIImage+Custom.m */ = {isa = PBXFileReference; fileEncoding = 4; lastKnownFileType = sourcecode.c.objc; path = "UIImage+Custom.m"; sourceTree = "<group>"; xcLanguageSpecificationIdentifier = xcode.lang.objc; };
/* End PBXFileReference section */

/* Begin PBXFrameworksBuildPhase section */
		962520181984F30700427490 /* Frameworks */ = {
			isa = PBXFrameworksBuildPhase;
			buildActionMask = 2147483647;
			files = (
			);
			runOnlyForDeploymentPostprocessing = 0;
		};
		9625202A1984F30700427490 /* Frameworks */ = {
			isa = PBXFrameworksBuildPhase;
			buildActionMask = 2147483647;
			files = (
			);
			runOnlyForDeploymentPostprocessing = 0;
		};
/* End PBXFrameworksBuildPhase section */

/* Begin PBXGroup section */
		962520121984F30700427490 = {
			isa = PBXGroup;
			children = (
				9625201D1984F30700427490 /* AvatarAnimationDemo */,
				962520301984F30700427490 /* AvatarAnimationDemoTests */,
				9625201C1984F30700427490 /* Products */,
			);
			sourceTree = "<group>";
		};
		9625201C1984F30700427490 /* Products */ = {
			isa = PBXGroup;
			children = (
				9625201B1984F30700427490 /* AvatarAnimationDemo.app */,
				9625202D1984F30700427490 /* AvatarAnimationDemoTests.xctest */,
			);
			name = Products;
			sourceTree = "<group>";
		};
		9625201D1984F30700427490 /* AvatarAnimationDemo */ = {
			isa = PBXGroup;
			children = (
				96C7A039198A0C4900FCADB6 /* demo1.png */,
				96C7A037198A0C4400FCADB6 /* demo2.png */,
				96C7A035198A0C3800FCADB6 /* cutmypic.png */,
				96C7A033198A0C3000FCADB6 /* back_white@2x.png */,
				9625203D1984F41B00427490 /* UIColor+Extension.swift */,
				9625203F1984F43800427490 /* UIView+Extension.swift */,
				962520201984F30700427490 /* AppDelegate.swift */,
				962520221984F30700427490 /* ViewController.swift */,
				96C7A03D198A0FE300FCADB6 /* InfoViewController.swift */,
				96C7A03B198A0E8B00FCADB6 /* PropTableViewCell.swift */,
				96252041198550DB00427490 /* Constants.swift */,
				96C7A040198A23B000FCADB6 /* UIImage+Custom.h */,
				96C7A041198A23B000FCADB6 /* UIImage+Custom.m */,
				962520271984F30700427490 /* Images.xcassets */,
				9625201E1984F30700427490 /* Supporting Files */,
				96C7A03F198A23B000FCADB6 /* AvatarAnimationDemo-Bridging-Header.h */,
			);
			path = AvatarAnimationDemo;
			sourceTree = "<group>";
		};
		9625201E1984F30700427490 /* Supporting Files */ = {
			isa = PBXGroup;
			children = (
				9625201F1984F30700427490 /* Info.plist */,
			);
			name = "Supporting Files";
			sourceTree = "<group>";
		};
		962520301984F30700427490 /* AvatarAnimationDemoTests */ = {
			isa = PBXGroup;
			children = (
				962520331984F30700427490 /* AvatarAnimationDemoTests.swift */,
				962520311984F30700427490 /* Supporting Files */,
			);
			path = AvatarAnimationDemoTests;
			sourceTree = "<group>";
		};
		962520311984F30700427490 /* Supporting Files */ = {
			isa = PBXGroup;
			children = (
				962520321984F30700427490 /* Info.plist */,
			);
			name = "Supporting Files";
			sourceTree = "<group>";
		};
/* End PBXGroup section */

/* Begin PBXNativeTarget section */
		9625201A1984F30700427490 /* AvatarAnimationDemo */ = {
			isa = PBXNativeTarget;
			buildConfigurationList = 962520371984F30700427490 /* Build configuration list for PBXNativeTarget "AvatarAnimationDemo" */;
			buildPhases = (
				962520171984F30700427490 /* Sources */,
				962520181984F30700427490 /* Frameworks */,
				962520191984F30700427490 /* Resources */,
			);
			buildRules = (
			);
			dependencies = (
			);
			name = AvatarAnimationDemo;
			productName = AvatarAnimationDemo;
			productReference = 9625201B1984F30700427490 /* AvatarAnimationDemo.app */;
			productType = "com.apple.product-type.application";
		};
		9625202C1984F30700427490 /* AvatarAnimationDemoTests */ = {
			isa = PBXNativeTarget;
			buildConfigurationList = 9625203A1984F30700427490 /* Build configuration list for PBXNativeTarget "AvatarAnimationDemoTests" */;
			buildPhases = (
				962520291984F30700427490 /* Sources */,
				9625202A1984F30700427490 /* Frameworks */,
				9625202B1984F30700427490 /* Resources */,
			);
			buildRules = (
			);
			dependencies = (
				9625202F1984F30700427490 /* PBXTargetDependency */,
			);
			name = AvatarAnimationDemoTests;
			productName = AvatarAnimationDemoTests;
			productReference = 9625202D1984F30700427490 /* AvatarAnimationDemoTests.xctest */;
			productType = "com.apple.product-type.bundle.unit-test";
		};
/* End PBXNativeTarget section */

/* Begin PBXProject section */
		962520131984F30700427490 /* Project object */ = {
			isa = PBXProject;
			attributes = {
				LastUpgradeCheck = 0600;
				ORGANIZATIONNAME = jason;
				TargetAttributes = {
					9625201A1984F30700427490 = {
						CreatedOnToolsVersion = 6.0;
					};
					9625202C1984F30700427490 = {
						CreatedOnToolsVersion = 6.0;
						TestTargetID = 9625201A1984F30700427490;
					};
				};
			};
			buildConfigurationList = 962520161984F30700427490 /* Build configuration list for PBXProject "AvatarAnimationDemo" */;
			compatibilityVersion = "Xcode 3.2";
			developmentRegion = English;
			hasScannedForEncodings = 0;
			knownRegions = (
				en,
				Base,
			);
			mainGroup = 962520121984F30700427490;
			productRefGroup = 9625201C1984F30700427490 /* Products */;
			projectDirPath = "";
			projectRoot = "";
			targets = (
				9625201A1984F30700427490 /* AvatarAnimationDemo */,
				9625202C1984F30700427490 /* AvatarAnimationDemoTests */,
			);
		};
/* End PBXProject section */

/* Begin PBXResourcesBuildPhase section */
		962520191984F30700427490 /* Resources */ = {
			isa = PBXResourcesBuildPhase;
			buildActionMask = 2147483647;
			files = (
				96C7A036198A0C3800FCADB6 /* cutmypic.png in Resources */,
				962520281984F30700427490 /* Images.xcassets in Resources */,
				96C7A034198A0C3000FCADB6 /* back_white@2x.png in Resources */,
				96C7A038198A0C4400FCADB6 /* demo2.png in Resources */,
				96C7A03A198A0C4900FCADB6 /* demo1.png in Resources */,
			);
			runOnlyForDeploymentPostprocessing = 0;
		};
		9625202B1984F30700427490 /* Resources */ = {
			isa = PBXResourcesBuildPhase;
			buildActionMask = 2147483647;
			files = (
			);
			runOnlyForDeploymentPostprocessing = 0;
		};
/* End PBXResourcesBuildPhase section */

/* Begin PBXSourcesBuildPhase section */
		962520171984F30700427490 /* Sources */ = {
			isa = PBXSourcesBuildPhase;
			buildActionMask = 2147483647;
			files = (
				96252042198550DB00427490 /* Constants.swift in Sources */,
				9625203E1984F41B00427490 /* UIColor+Extension.swift in Sources */,
				96C7A042198A23B000FCADB6 /* UIImage+Custom.m in Sources */,
				96C7A03C198A0E8B00FCADB6 /* PropTableViewCell.swift in Sources */,
				96C7A03E198A0FE300FCADB6 /* InfoViewController.swift in Sources */,
				962520231984F30700427490 /* ViewController.swift in Sources */,
				962520401984F43800427490 /* UIView+Extension.swift in Sources */,
				962520211984F30700427490 /* AppDelegate.swift in Sources */,
			);
			runOnlyForDeploymentPostprocessing = 0;
		};
		962520291984F30700427490 /* Sources */ = {
			isa = PBXSourcesBuildPhase;
			buildActionMask = 2147483647;
			files = (
				962520341984F30700427490 /* AvatarAnimationDemoTests.swift in Sources */,
			);
			runOnlyForDeploymentPostprocessing = 0;
		};
/* End PBXSourcesBuildPhase section */

/* Begin PBXTargetDependency section */
		9625202F1984F30700427490 /* PBXTargetDependency */ = {
			isa = PBXTargetDependency;
			target = 9625201A1984F30700427490 /* AvatarAnimationDemo */;
			targetProxy = 9625202E1984F30700427490 /* PBXContainerItemProxy */;
		};
/* End PBXTargetDependency section */

/* Begin XCBuildConfiguration section */
		962520351984F30700427490 /* Debug */ = {
			isa = XCBuildConfiguration;
			buildSettings = {
				ALWAYS_SEARCH_USER_PATHS = NO;
				CLANG_CXX_LANGUAGE_STANDARD = "gnu++0x";
				CLANG_CXX_LIBRARY = "libc++";
				CLANG_ENABLE_MODULES = YES;
				CLANG_ENABLE_OBJC_ARC = YES;
				CLANG_WARN_BOOL_CONVERSION = YES;
				CLANG_WARN_CONSTANT_CONVERSION = YES;
				CLANG_WARN_DIRECT_OBJC_ISA_USAGE = YES_ERROR;
				CLANG_WARN_EMPTY_BODY = YES;
				CLANG_WARN_ENUM_CONVERSION = YES;
				CLANG_WARN_INT_CONVERSION = YES;
				CLANG_WARN_OBJC_ROOT_CLASS = YES_ERROR;
				CLANG_WARN_UNREACHABLE_CODE = YES;
				CLANG_WARN__DUPLICATE_METHOD_MATCH = YES;
				"CODE_SIGN_IDENTITY[sdk=iphoneos*]" = "iPhone Developer";
				COPY_PHASE_STRIP = NO;
				ENABLE_STRICT_OBJC_MSGSEND = YES;
				GCC_C_LANGUAGE_STANDARD = gnu99;
				GCC_DYNAMIC_NO_PIC = NO;
				GCC_OPTIMIZATION_LEVEL = 0;
				GCC_PREPROCESSOR_DEFINITIONS = (
					"DEBUG=1",
					"$(inherited)",
				);
				GCC_SYMBOLS_PRIVATE_EXTERN = NO;
				GCC_WARN_64_TO_32_BIT_CONVERSION = YES;
				GCC_WARN_ABOUT_RETURN_TYPE = YES_ERROR;
				GCC_WARN_UNDECLARED_SELECTOR = YES;
				GCC_WARN_UNINITIALIZED_AUTOS = YES_AGGRESSIVE;
				GCC_WARN_UNUSED_FUNCTION = YES;
				GCC_WARN_UNUSED_VARIABLE = YES;
				IPHONEOS_DEPLOYMENT_TARGET = 8.0;
				MTL_ENABLE_DEBUG_INFO = YES;
				ONLY_ACTIVE_ARCH = YES;
				SDKROOT = iphoneos;
				SWIFT_OPTIMIZATION_LEVEL = "-Onone";
			};
			name = Debug;
		};
		962520361984F30700427490 /* Release */ = {
			isa = XCBuildConfiguration;
			buildSettings = {
				ALWAYS_SEARCH_USER_PATHS = NO;
				CLANG_CXX_LANGUAGE_STANDARD = "gnu++0x";
				CLANG_CXX_LIBRARY = "libc++";
				CLANG_ENABLE_MODULES = YES;
				CLANG_ENABLE_OBJC_ARC = YES;
				CLANG_WARN_BOOL_CONVERSION = YES;
				CLANG_WARN_CONSTANT_CONVERSION = YES;
				CLANG_WARN_DIRECT_OBJC_ISA_USAGE = YES_ERROR;
				CLANG_WARN_EMPTY_BODY = YES;
				CLANG_WARN_ENUM_CONVERSION = YES;
				CLANG_WARN_INT_CONVERSION = YES;
				CLANG_WARN_OBJC_ROOT_CLASS = YES_ERROR;
				CLANG_WARN_UNREACHABLE_CODE = YES;
				CLANG_WARN__DUPLICATE_METHOD_MATCH = YES;
				"CODE_SIGN_IDENTITY[sdk=iphoneos*]" = "iPhone Developer";
				COPY_PHASE_STRIP = YES;
				ENABLE_NS_ASSERTIONS = NO;
				ENABLE_STRICT_OBJC_MSGSEND = YES;
				GCC_C_LANGUAGE_STANDARD = gnu99;
				GCC_WARN_64_TO_32_BIT_CONVERSION = YES;
				GCC_WARN_ABOUT_RETURN_TYPE = YES_ERROR;
				GCC_WARN_UNDECLARED_SELECTOR = YES;
				GCC_WARN_UNINITIALIZED_AUTOS = YES_AGGRESSIVE;
				GCC_WARN_UNUSED_FUNCTION = YES;
				GCC_WARN_UNUSED_VARIABLE = YES;
				IPHONEOS_DEPLOYMENT_TARGET = 8.0;
				MTL_ENABLE_DEBUG_INFO = NO;
				SDKROOT = iphoneos;
				VALIDATE_PRODUCT = YES;
			};
			name = Release;
		};
		962520381984F30700427490 /* Debug */ = {
			isa = XCBuildConfiguration;
			buildSettings = {
				ASSETCATALOG_COMPILER_APPICON_NAME = AppIcon;
				ASSETCATALOG_COMPILER_LAUNCHIMAGE_NAME = LaunchImage;
				CLANG_ENABLE_MODULES = YES;
				INFOPLIST_FILE = AvatarAnimationDemo/Info.plist;
				LD_RUNPATH_SEARCH_PATHS = "$(inherited) @executable_path/Frameworks";
				PRODUCT_NAME = "$(TARGET_NAME)";
				SWIFT_OBJC_BRIDGING_HEADER = "AvatarAnimationDemo/AvatarAnimationDemo-Bridging-Header.h";
				SWIFT_OPTIMIZATION_LEVEL = "-Onone";
			};
			name = Debug;
		};
		962520391984F30700427490 /* Release */ = {
			isa = XCBuildConfiguration;
			buildSettings = {
				ASSETCATALOG_COMPILER_APPICON_NAME = AppIcon;
				ASSETCATALOG_COMPILER_LAUNCHIMAGE_NAME = LaunchImage;
				CLANG_ENABLE_MODULES = YES;
				INFOPLIST_FILE = AvatarAnimationDemo/Info.plist;
				LD_RUNPATH_SEARCH_PATHS = "$(inherited) @executable_path/Frameworks";
				PRODUCT_NAME = "$(TARGET_NAME)";
				SWIFT_OBJC_BRIDGING_HEADER = "AvatarAnimationDemo/AvatarAnimationDemo-Bridging-Header.h";
			};
			name = Release;
		};
		9625203B1984F30700427490 /* Debug */ = {
			isa = XCBuildConfiguration;
			buildSettings = {
				BUNDLE_LOADER = "$(BUILT_PRODUCTS_DIR)/AvatarAnimationDemo.app/AvatarAnimationDemo";
				FRAMEWORK_SEARCH_PATHS = (
					"$(SDKROOT)/Developer/Library/Frameworks",
					"$(inherited)",
				);
				GCC_PREPROCESSOR_DEFINITIONS = (
					"DEBUG=1",
					"$(inherited)",
				);
				INFOPLIST_FILE = AvatarAnimationDemoTests/Info.plist;
				LD_RUNPATH_SEARCH_PATHS = "$(inherited) @executable_path/Frameworks @loader_path/Frameworks";
				PRODUCT_NAME = "$(TARGET_NAME)";
				TEST_HOST = "$(BUNDLE_LOADER)";
			};
			name = Debug;
		};
		9625203C1984F30700427490 /* Release */ = {
			isa = XCBuildConfiguration;
			buildSettings = {
				BUNDLE_LOADER = "$(BUILT_PRODUCTS_DIR)/AvatarAnimationDemo.app/AvatarAnimationDemo";
				FRAMEWORK_SEARCH_PATHS = (
					"$(SDKROOT)/Developer/Library/Frameworks",
					"$(inherited)",
				);
				INFOPLIST_FILE = AvatarAnimationDemoTests/Info.plist;
				LD_RUNPATH_SEARCH_PATHS = "$(inherited) @executable_path/Frameworks @loader_path/Frameworks";
				PRODUCT_NAME = "$(TARGET_NAME)";
				TEST_HOST = "$(BUNDLE_LOADER)";
			};
			name = Release;
		};
/* End XCBuildConfiguration section */

/* Begin XCConfigurationList section */
		962520161984F30700427490 /* Build configuration list for PBXProject "AvatarAnimationDemo" */ = {
			isa = XCConfigurationList;
			buildConfigurations = (
				962520351984F30700427490 /* Debug */,
				962520361984F30700427490 /* Release */,
			);
			defaultConfigurationIsVisible = 0;
			defaultConfigurationName = Release;
		};
		962520371984F30700427490 /* Build configuration list for PBXNativeTarget "AvatarAnimationDemo" */ = {
			isa = XCConfigurationList;
			buildConfigurations = (
				962520381984F30700427490 /* Debug */,
				962520391984F30700427490 /* Release */,
			);
			defaultConfigurationIsVisible = 0;
			defaultConfigurationName = Release;
		};
		9625203A1984F30700427490 /* Build configuration list for PBXNativeTarget "AvatarAnimationDemoTests" */ = {
			isa = XCConfigurationList;
			buildConfigurations = (
				9625203B1984F30700427490 /* Debug */,
				9625203C1984F30700427490 /* Release */,
			);
			defaultConfigurationIsVisible = 0;
			defaultConfigurationName = Release;
		};
/* End XCConfigurationList section */
	};
	rootObject = 962520131984F30700427490 /* Project object */;
}
